
Microsoft Visual Studio Solution File, Format Version 12.00
# Visual Studio Version 17
VisualStudioVersion = 17.3.32922.545
MinimumVisualStudioVersion = 10.0.40219.1
Project("{FAE04EC0-301F-11D3-BF4B-00C04F79EFBC}") = "Ongc", "Ongc\Ongc.csproj", "{7AACBE43-40FF-49F1-A0DF-8CF44E24FE22}"
EndProject
Global
	GlobalSection(SolutionConfigurationPlatforms) = preSolution
		Debug|Any CPU = Debug|Any CPU
		Release|Any CPU = Release|Any CPU
	EndGlobalSection
	GlobalSection(ProjectConfigurationPlatforms) = postSolution
		{7AACBE43-40FF-49F1-A0DF-8CF44E24FE22}.Debug|Any CPU.ActiveCfg = Debug|Any CPU
		{7AACBE43-40FF-49F1-A0DF-8CF44E24FE22}.Debug|Any CPU.Build.0 = Debug|Any CPU
		{7AACBE43-40FF-49F1-A0DF-8CF44E24FE22}.Release|Any CPU.ActiveCfg = Release|Any CPU
		{7AACBE43-40FF-49F1-A0DF-8CF44E24FE22}.Release|Any CPU.Build.0 = Release|Any CPU
	EndGlobalSection
	GlobalSection(SolutionProperties) = preSolution
		HideSolutionNode = FALSE
	EndGlobalSection
	GlobalSection(ExtensibilityGlobals) = postSolution
		SolutionGuid = {05C68000-8007-4F1C-AB54-B26BEAA22069}
	EndGlobalSection
EndGlobal
